
Microsoft Visual Studio Solution File, Format Version 12.00
# Visual Studio Version 17
VisualStudioVersion = 17.14.36310.24 d17.14
MinimumVisualStudioVersion = 10.0.40219.1
Project("{FAE04EC0-301F-11D3-BF4B-00C04F79EFBC}") = "Aula3_Exercícios", "Aula3_Exercícios\Aula3_Exercícios.csproj", "{5723A36B-2F4A-4F11-8925-1EED7FB57A2F}"
EndProject
Global
	GlobalSection(SolutionConfigurationPlatforms) = preSolution
		Debug|Any CPU = Debug|Any CPU
		Release|Any CPU = Release|Any CPU
	EndGlobalSection
	GlobalSection(ProjectConfigurationPlatforms) = postSolution
		{5723A36B-2F4A-4F11-8925-1EED7FB57A2F}.Debug|Any CPU.ActiveCfg = Debug|Any CPU
		{5723A36B-2F4A-4F11-8925-1EED7FB57A2F}.Debug|Any CPU.Build.0 = Debug|Any CPU
		{5723A36B-2F4A-4F11-8925-1EED7FB57A2F}.Release|Any CPU.ActiveCfg = Release|Any CPU
		{5723A36B-2F4A-4F11-8925-1EED7FB57A2F}.Release|Any CPU.Build.0 = Release|Any CPU
	EndGlobalSection
	GlobalSection(SolutionProperties) = preSolution
		HideSolutionNode = FALSE
	EndGlobalSection
	GlobalSection(ExtensibilityGlobals) = postSolution
		SolutionGuid = {B3411E5C-65EB-4FE4-A914-C17C38292520}
	EndGlobalSection
EndGlobal
